// !$*UTF8*$!
{
	archiveVersion = 1;
	classes = {
	};
	objectVersion = 55;
	objects = {

/* Begin PBXBuildFile section */
		1897FE3A2A473E55001811BC /* AppDelegate.swift in Sources */ = {isa = PBXBuildFile; fileRef = 1897FE392A473E55001811BC /* AppDelegate.swift */; };
		1897FE3C2A473E55001811BC /* SceneDelegate.swift in Sources */ = {isa = PBXBuildFile; fileRef = 1897FE3B2A473E55001811BC /* SceneDelegate.swift */; };
		1897FE3E2A473E55001811BC /* MainTabBarViewController.swift in Sources */ = {isa = PBXBuildFile; fileRef = 1897FE3D2A473E55001811BC /* MainTabBarViewController.swift */; };
		1897FE432A473E5A001811BC /* Assets.xcassets in Resources */ = {isa = PBXBuildFile; fileRef = 1897FE422A473E5A001811BC /* Assets.xcassets */; };
		1897FE462A473E5A001811BC /* LaunchScreen.storyboard in Resources */ = {isa = PBXBuildFile; fileRef = 1897FE442A473E5A001811BC /* LaunchScreen.storyboard */; };
		1897FE4F2A4747E2001811BC /* HomeViewController.swift in Sources */ = {isa = PBXBuildFile; fileRef = 1897FE4E2A4747E2001811BC /* HomeViewController.swift */; };
		1897FE512A4902AE001811BC /* UpComingViewController.swift in Sources */ = {isa = PBXBuildFile; fileRef = 1897FE502A4902AE001811BC /* UpComingViewController.swift */; };
		1897FE532A4902C7001811BC /* SearchViewController.swift in Sources */ = {isa = PBXBuildFile; fileRef = 1897FE522A4902C7001811BC /* SearchViewController.swift */; };
		1897FE552A4902D6001811BC /* DownloadsViewController.swift in Sources */ = {isa = PBXBuildFile; fileRef = 1897FE542A4902D6001811BC /* DownloadsViewController.swift */; };
		1897FE5C2A49CFEC001811BC /* CollectionViewTableViewCell.swift in Sources */ = {isa = PBXBuildFile; fileRef = 1897FE5B2A49CFEC001811BC /* CollectionViewTableViewCell.swift */; };
		1897FE5E2A4A0043001811BC /* HeroHeaderUIView.swift in Sources */ = {isa = PBXBuildFile; fileRef = 1897FE5D2A4A0043001811BC /* HeroHeaderUIView.swift */; };
		1897FE602A4DE8C5001811BC /* APICaller.swift in Sources */ = {isa = PBXBuildFile; fileRef = 1897FE5F2A4DE8C5001811BC /* APICaller.swift */; };
		1897FE622A4E0049001811BC /* Title.swift in Sources */ = {isa = PBXBuildFile; fileRef = 1897FE612A4E0048001811BC /* Title.swift */; };
		1897FE642A4E04AC001811BC /* Extensions.swift in Sources */ = {isa = PBXBuildFile; fileRef = 1897FE632A4E04AC001811BC /* Extensions.swift */; };
		1897FE672A4F6736001811BC /* SDWebImage in Frameworks */ = {isa = PBXBuildFile; productRef = 1897FE662A4F6736001811BC /* SDWebImage */; };
		1897FE692A4F6736001811BC /* SDWebImageMapKit in Frameworks */ = {isa = PBXBuildFile; productRef = 1897FE682A4F6736001811BC /* SDWebImageMapKit */; };
		1897FE6B2A4F6792001811BC /* TitleCollectionViewCell.swift in Sources */ = {isa = PBXBuildFile; fileRef = 1897FE6A2A4F6792001811BC /* TitleCollectionViewCell.swift */; };
		1897FE6D2A50C2E1001811BC /* TitleTableViewCell.swift in Sources */ = {isa = PBXBuildFile; fileRef = 1897FE6C2A50C2E1001811BC /* TitleTableViewCell.swift */; };
		1897FE6F2A50C700001811BC /* TitleViewModel.swift in Sources */ = {isa = PBXBuildFile; fileRef = 1897FE6E2A50C700001811BC /* TitleViewModel.swift */; };
/* End PBXBuildFile section */

/* Begin PBXFileReference section */
		1897FE362A473E55001811BC /* Netflix clone.app */ = {isa = PBXFileReference; explicitFileType = wrapper.application; includeInIndex = 0; path = "Netflix clone.app"; sourceTree = BUILT_PRODUCTS_DIR; };
		1897FE392A473E55001811BC /* AppDelegate.swift */ = {isa = PBXFileReference; lastKnownFileType = sourcecode.swift; path = AppDelegate.swift; sourceTree = "<group>"; };
		1897FE3B2A473E55001811BC /* SceneDelegate.swift */ = {isa = PBXFileReference; lastKnownFileType = sourcecode.swift; path = SceneDelegate.swift; sourceTree = "<group>"; };
		1897FE3D2A473E55001811BC /* MainTabBarViewController.swift */ = {isa = PBXFileReference; lastKnownFileType = sourcecode.swift; path = MainTabBarViewController.swift; sourceTree = "<group>"; };
		1897FE422A473E5A001811BC /* Assets.xcassets */ = {isa = PBXFileReference; lastKnownFileType = folder.assetcatalog; path = Assets.xcassets; sourceTree = "<group>"; };
		1897FE452A473E5A001811BC /* Base */ = {isa = PBXFileReference; lastKnownFileType = file.storyboard; name = Base; path = Base.lproj/LaunchScreen.storyboard; sourceTree = "<group>"; };
		1897FE472A473E5A001811BC /* Info.plist */ = {isa = PBXFileReference; lastKnownFileType = text.plist.xml; path = Info.plist; sourceTree = "<group>"; };
		1897FE4E2A4747E2001811BC /* HomeViewController.swift */ = {isa = PBXFileReference; lastKnownFileType = sourcecode.swift; path = HomeViewController.swift; sourceTree = "<group>"; };
		1897FE502A4902AE001811BC /* UpComingViewController.swift */ = {isa = PBXFileReference; lastKnownFileType = sourcecode.swift; path = UpComingViewController.swift; sourceTree = "<group>"; };
		1897FE522A4902C7001811BC /* SearchViewController.swift */ = {isa = PBXFileReference; lastKnownFileType = sourcecode.swift; path = SearchViewController.swift; sourceTree = "<group>"; };
		1897FE542A4902D6001811BC /* DownloadsViewController.swift */ = {isa = PBXFileReference; lastKnownFileType = sourcecode.swift; path = DownloadsViewController.swift; sourceTree = "<group>"; };
		1897FE5B2A49CFEC001811BC /* CollectionViewTableViewCell.swift */ = {isa = PBXFileReference; lastKnownFileType = sourcecode.swift; path = CollectionViewTableViewCell.swift; sourceTree = "<group>"; };
		1897FE5D2A4A0043001811BC /* HeroHeaderUIView.swift */ = {isa = PBXFileReference; lastKnownFileType = sourcecode.swift; path = HeroHeaderUIView.swift; sourceTree = "<group>"; };
		1897FE5F2A4DE8C5001811BC /* APICaller.swift */ = {isa = PBXFileReference; lastKnownFileType = sourcecode.swift; path = APICaller.swift; sourceTree = "<group>"; };
		1897FE612A4E0048001811BC /* Title.swift */ = {isa = PBXFileReference; lastKnownFileType = sourcecode.swift; path = Title.swift; sourceTree = "<group>"; };
		1897FE632A4E04AC001811BC /* Extensions.swift */ = {isa = PBXFileReference; lastKnownFileType = sourcecode.swift; path = Extensions.swift; sourceTree = "<group>"; };
		1897FE6A2A4F6792001811BC /* TitleCollectionViewCell.swift */ = {isa = PBXFileReference; lastKnownFileType = sourcecode.swift; path = TitleCollectionViewCell.swift; sourceTree = "<group>"; };
		1897FE6C2A50C2E1001811BC /* TitleTableViewCell.swift */ = {isa = PBXFileReference; lastKnownFileType = sourcecode.swift; path = TitleTableViewCell.swift; sourceTree = "<group>"; };
		1897FE6E2A50C700001811BC /* TitleViewModel.swift */ = {isa = PBXFileReference; lastKnownFileType = sourcecode.swift; path = TitleViewModel.swift; sourceTree = "<group>"; };
/* End PBXFileReference section */

/* Begin PBXFrameworksBuildPhase section */
		1897FE332A473E55001811BC /* Frameworks */ = {
			isa = PBXFrameworksBuildPhase;
			buildActionMask = 2147483647;
			files = (
				1897FE692A4F6736001811BC /* SDWebImageMapKit in Frameworks */,
				1897FE672A4F6736001811BC /* SDWebImage in Frameworks */,
			);
			runOnlyForDeploymentPostprocessing = 0;
		};
/* End PBXFrameworksBuildPhase section */

/* Begin PBXGroup section */
		1897FE2D2A473E55001811BC = {
			isa = PBXGroup;
			children = (
				1897FE382A473E55001811BC /* Netflix clone */,
				1897FE372A473E55001811BC /* Products */,
			);
			sourceTree = "<group>";
		};
		1897FE372A473E55001811BC /* Products */ = {
			isa = PBXGroup;
			children = (
				1897FE362A473E55001811BC /* Netflix clone.app */,
			);
			name = Products;
			sourceTree = "<group>";
		};
		1897FE382A473E55001811BC /* Netflix clone */ = {
			isa = PBXGroup;
			children = (
				1897FE5A2A49CF00001811BC /* Managers */,
				1897FE592A49CEEE001811BC /* Resources */,
				1897FE582A49CEE2001811BC /* Models */,
				1897FE572A49CEDA001811BC /* Views */,
				1897FE562A49CECB001811BC /* ViewModels */,
				1897FE4D2A474787001811BC /* Controllers */,
				1897FE392A473E55001811BC /* AppDelegate.swift */,
				1897FE3B2A473E55001811BC /* SceneDelegate.swift */,
				1897FE422A473E5A001811BC /* Assets.xcassets */,
				1897FE442A473E5A001811BC /* LaunchScreen.storyboard */,
				1897FE472A473E5A001811BC /* Info.plist */,
			);
			path = "Netflix clone";
			sourceTree = "<group>";
		};
		1897FE4D2A474787001811BC /* Controllers */ = {
			isa = PBXGroup;
			children = (
				1897FE3D2A473E55001811BC /* MainTabBarViewController.swift */,
				1897FE4E2A4747E2001811BC /* HomeViewController.swift */,
				1897FE502A4902AE001811BC /* UpComingViewController.swift */,
				1897FE522A4902C7001811BC /* SearchViewController.swift */,
				1897FE542A4902D6001811BC /* DownloadsViewController.swift */,
			);
			path = Controllers;
			sourceTree = "<group>";
		};
		1897FE562A49CECB001811BC /* ViewModels */ = {
			isa = PBXGroup;
			children = (
				1897FE6E2A50C700001811BC /* TitleViewModel.swift */,
			);
			path = ViewModels;
			sourceTree = "<group>";
		};
		1897FE572A49CEDA001811BC /* Views */ = {
			isa = PBXGroup;
			children = (
				1897FE5B2A49CFEC001811BC /* CollectionViewTableViewCell.swift */,
				1897FE5D2A4A0043001811BC /* HeroHeaderUIView.swift */,
				1897FE6A2A4F6792001811BC /* TitleCollectionViewCell.swift */,
				1897FE6C2A50C2E1001811BC /* TitleTableViewCell.swift */,
			);
			path = Views;
			sourceTree = "<group>";
		};
		1897FE582A49CEE2001811BC /* Models */ = {
			isa = PBXGroup;
			children = (
				1897FE612A4E0048001811BC /* Title.swift */,
			);
			path = Models;
			sourceTree = "<group>";
		};
		1897FE592A49CEEE001811BC /* Resources */ = {
			isa = PBXGroup;
			children = (
				1897FE632A4E04AC001811BC /* Extensions.swift */,
			);
			path = Resources;
			sourceTree = "<group>";
		};
		1897FE5A2A49CF00001811BC /* Managers */ = {
			isa = PBXGroup;
			children = (
				1897FE5F2A4DE8C5001811BC /* APICaller.swift */,
			);
			path = Managers;
			sourceTree = "<group>";
		};
/* End PBXGroup section */

/* Begin PBXNativeTarget section */
		1897FE352A473E55001811BC /* Netflix clone */ = {
			isa = PBXNativeTarget;
			buildConfigurationList = 1897FE4A2A473E5A001811BC /* Build configuration list for PBXNativeTarget "Netflix clone" */;
			buildPhases = (
				1897FE322A473E55001811BC /* Sources */,
				1897FE332A473E55001811BC /* Frameworks */,
				1897FE342A473E55001811BC /* Resources */,
			);
			buildRules = (
			);
			dependencies = (
			);
			name = "Netflix clone";
			packageProductDependencies = (
				1897FE662A4F6736001811BC /* SDWebImage */,
				1897FE682A4F6736001811BC /* SDWebImageMapKit */,
			);
			productName = "Netflix clone";
			productReference = 1897FE362A473E55001811BC /* Netflix clone.app */;
			productType = "com.apple.product-type.application";
		};
/* End PBXNativeTarget section */

/* Begin PBXProject section */
		1897FE2E2A473E55001811BC /* Project object */ = {
			isa = PBXProject;
			attributes = {
				BuildIndependentTargetsInParallel = 1;
				LastSwiftUpdateCheck = 1340;
				LastUpgradeCheck = 1340;
				TargetAttributes = {
					1897FE352A473E55001811BC = {
						CreatedOnToolsVersion = 13.4.1;
					};
				};
			};
			buildConfigurationList = 1897FE312A473E55001811BC /* Build configuration list for PBXProject "Netflix clone" */;
			compatibilityVersion = "Xcode 13.0";
			developmentRegion = en;
			hasScannedForEncodings = 0;
			knownRegions = (
				en,
				Base,
			);
			mainGroup = 1897FE2D2A473E55001811BC;
			packageReferences = (
				1897FE652A4F6736001811BC /* XCRemoteSwiftPackageReference "SDWebImage" */,
			);
			productRefGroup = 1897FE372A473E55001811BC /* Products */;
			projectDirPath = "";
			projectRoot = "";
			targets = (
				1897FE352A473E55001811BC /* Netflix clone */,
			);
		};
/* End PBXProject section */

/* Begin PBXResourcesBuildPhase section */
		1897FE342A473E55001811BC /* Resources */ = {
			isa = PBXResourcesBuildPhase;
			buildActionMask = 2147483647;
			files = (
				1897FE462A473E5A001811BC /* LaunchScreen.storyboard in Resources */,
				1897FE432A473E5A001811BC /* Assets.xcassets in Resources */,
			);
			runOnlyForDeploymentPostprocessing = 0;
		};
/* End PBXResourcesBuildPhase section */

/* Begin PBXSourcesBuildPhase section */
		1897FE322A473E55001811BC /* Sources */ = {
			isa = PBXSourcesBuildPhase;
			buildActionMask = 2147483647;
			files = (
				1897FE6D2A50C2E1001811BC /* TitleTableViewCell.swift in Sources */,
				1897FE532A4902C7001811BC /* SearchViewController.swift in Sources */,
				1897FE6B2A4F6792001811BC /* TitleCollectionViewCell.swift in Sources */,
				1897FE3E2A473E55001811BC /* MainTabBarViewController.swift in Sources */,
				1897FE5C2A49CFEC001811BC /* CollectionViewTableViewCell.swift in Sources */,
				1897FE602A4DE8C5001811BC /* APICaller.swift in Sources */,
				1897FE5E2A4A0043001811BC /* HeroHeaderUIView.swift in Sources */,
				1897FE552A4902D6001811BC /* DownloadsViewController.swift in Sources */,
				1897FE3A2A473E55001811BC /* AppDelegate.swift in Sources */,
				1897FE642A4E04AC001811BC /* Extensions.swift in Sources */,
				1897FE512A4902AE001811BC /* UpComingViewController.swift in Sources */,
				1897FE3C2A473E55001811BC /* SceneDelegate.swift in Sources */,
				1897FE622A4E0049001811BC /* Title.swift in Sources */,
				1897FE4F2A4747E2001811BC /* HomeViewController.swift in Sources */,
				1897FE6F2A50C700001811BC /* TitleViewModel.swift in Sources */,
			);
			runOnlyForDeploymentPostprocessing = 0;
		};
/* End PBXSourcesBuildPhase section */

/* Begin PBXVariantGroup section */
		1897FE442A473E5A001811BC /* LaunchScreen.storyboard */ = {
			isa = PBXVariantGroup;
			children = (
				1897FE452A473E5A001811BC /* Base */,
			);
			name = LaunchScreen.storyboard;
			sourceTree = "<group>";
		};
/* End PBXVariantGroup section */

/* Begin XCBuildConfiguration section */
		1897FE482A473E5A001811BC /* Debug */ = {
			isa = XCBuildConfiguration;
			buildSettings = {
				ALWAYS_SEARCH_USER_PATHS = NO;
				CLANG_ANALYZER_NONNULL = YES;
				CLANG_ANALYZER_NUMBER_OBJECT_CONVERSION = YES_AGGRESSIVE;
				CLANG_CXX_LANGUAGE_STANDARD = "gnu++17";
				CLANG_ENABLE_MODULES = YES;
				CLANG_ENABLE_OBJC_ARC = YES;
				CLANG_ENABLE_OBJC_WEAK = YES;
				CLANG_WARN_BLOCK_CAPTURE_AUTORELEASING = YES;
				CLANG_WARN_BOOL_CONVERSION = YES;
				CLANG_WARN_COMMA = YES;
				CLANG_WARN_CONSTANT_CONVERSION = YES;
				CLANG_WARN_DEPRECATED_OBJC_IMPLEMENTATIONS = YES;
				CLANG_WARN_DIRECT_OBJC_ISA_USAGE = YES_ERROR;
				CLANG_WARN_DOCUMENTATION_COMMENTS = YES;
				CLANG_WARN_EMPTY_BODY = YES;
				CLANG_WARN_ENUM_CONVERSION = YES;
				CLANG_WARN_INFINITE_RECURSION = YES;
				CLANG_WARN_INT_CONVERSION = YES;
				CLANG_WARN_NON_LITERAL_NULL_CONVERSION = YES;
				CLANG_WARN_OBJC_IMPLICIT_RETAIN_SELF = YES;
				CLANG_WARN_OBJC_LITERAL_CONVERSION = YES;
				CLANG_WARN_OBJC_ROOT_CLASS = YES_ERROR;
				CLANG_WARN_QUOTED_INCLUDE_IN_FRAMEWORK_HEADER = YES;
				CLANG_WARN_RANGE_LOOP_ANALYSIS = YES;
				CLANG_WARN_STRICT_PROTOTYPES = YES;
				CLANG_WARN_SUSPICIOUS_MOVE = YES;
				CLANG_WARN_UNGUARDED_AVAILABILITY = YES_AGGRESSIVE;
				CLANG_WARN_UNREACHABLE_CODE = YES;
				CLANG_WARN__DUPLICATE_METHOD_MATCH = YES;
				COPY_PHASE_STRIP = NO;
				DEBUG_INFORMATION_FORMAT = dwarf;
				ENABLE_STRICT_OBJC_MSGSEND = YES;
				ENABLE_TESTABILITY = YES;
				GCC_C_LANGUAGE_STANDARD = gnu11;
				GCC_DYNAMIC_NO_PIC = NO;
				GCC_NO_COMMON_BLOCKS = YES;
				GCC_OPTIMIZATION_LEVEL = 0;
				GCC_PREPROCESSOR_DEFINITIONS = (
					"DEBUG=1",
					"$(inherited)",
				);
				GCC_WARN_64_TO_32_BIT_CONVERSION = YES;
				GCC_WARN_ABOUT_RETURN_TYPE = YES_ERROR;
				GCC_WARN_UNDECLARED_SELECTOR = YES;
				GCC_WARN_UNINITIALIZED_AUTOS = YES_AGGRESSIVE;
				GCC_WARN_UNUSED_FUNCTION = YES;
				GCC_WARN_UNUSED_VARIABLE = YES;
				IPHONEOS_DEPLOYMENT_TARGET = 15.5;
				MTL_ENABLE_DEBUG_INFO = INCLUDE_SOURCE;
				MTL_FAST_MATH = YES;
				ONLY_ACTIVE_ARCH = YES;
				SDKROOT = iphoneos;
				SWIFT_ACTIVE_COMPILATION_CONDITIONS = DEBUG;
				SWIFT_OPTIMIZATION_LEVEL = "-Onone";
			};
			name = Debug;
		};
		1897FE492A473E5A001811BC /* Release */ = {
			isa = XCBuildConfiguration;
			buildSettings = {
				ALWAYS_SEARCH_USER_PATHS = NO;
				CLANG_ANALYZER_NONNULL = YES;
				CLANG_ANALYZER_NUMBER_OBJECT_CONVERSION = YES_AGGRESSIVE;
				CLANG_CXX_LANGUAGE_STANDARD = "gnu++17";
				CLANG_ENABLE_MODULES = YES;
				CLANG_ENABLE_OBJC_ARC = YES;
				CLANG_ENABLE_OBJC_WEAK = YES;
				CLANG_WARN_BLOCK_CAPTURE_AUTORELEASING = YES;
				CLANG_WARN_BOOL_CONVERSION = YES;
				CLANG_WARN_COMMA = YES;
				CLANG_WARN_CONSTANT_CONVERSION = YES;
				CLANG_WARN_DEPRECATED_OBJC_IMPLEMENTATIONS = YES;
				CLANG_WARN_DIRECT_OBJC_ISA_USAGE = YES_ERROR;
				CLANG_WARN_DOCUMENTATION_COMMENTS = YES;
				CLANG_WARN_EMPTY_BODY = YES;
				CLANG_WARN_ENUM_CONVERSION = YES;
				CLANG_WARN_INFINITE_RECURSION = YES;
				CLANG_WARN_INT_CONVERSION = YES;
				CLANG_WARN_NON_LITERAL_NULL_CONVERSION = YES;
				CLANG_WARN_OBJC_IMPLICIT_RETAIN_SELF = YES;
				CLANG_WARN_OBJC_LITERAL_CONVERSION = YES;
				CLANG_WARN_OBJC_ROOT_CLASS = YES_ERROR;
				CLANG_WARN_QUOTED_INCLUDE_IN_FRAMEWORK_HEADER = YES;
				CLANG_WARN_RANGE_LOOP_ANALYSIS = YES;
				CLANG_WARN_STRICT_PROTOTYPES = YES;
				CLANG_WARN_SUSPICIOUS_MOVE = YES;
				CLANG_WARN_UNGUARDED_AVAILABILITY = YES_AGGRESSIVE;
				CLANG_WARN_UNREACHABLE_CODE = YES;
				CLANG_WARN__DUPLICATE_METHOD_MATCH = YES;
				COPY_PHASE_STRIP = NO;
				DEBUG_INFORMATION_FORMAT = "dwarf-with-dsym";
				ENABLE_NS_ASSERTIONS = NO;
				ENABLE_STRICT_OBJC_MSGSEND = YES;
				GCC_C_LANGUAGE_STANDARD = gnu11;
				GCC_NO_COMMON_BLOCKS = YES;
				GCC_WARN_64_TO_32_BIT_CONVERSION = YES;
				GCC_WARN_ABOUT_RETURN_TYPE = YES_ERROR;
				GCC_WARN_UNDECLARED_SELECTOR = YES;
				GCC_WARN_UNINITIALIZED_AUTOS = YES_AGGRESSIVE;
				GCC_WARN_UNUSED_FUNCTION = YES;
				GCC_WARN_UNUSED_VARIABLE = YES;
				IPHONEOS_DEPLOYMENT_TARGET = 15.5;
				MTL_ENABLE_DEBUG_INFO = NO;
				MTL_FAST_MATH = YES;
				SDKROOT = iphoneos;
				SWIFT_COMPILATION_MODE = wholemodule;
				SWIFT_OPTIMIZATION_LEVEL = "-O";
				VALIDATE_PRODUCT = YES;
			};
			name = Release;
		};
		1897FE4B2A473E5A001811BC /* Debug */ = {
			isa = XCBuildConfiguration;
			buildSettings = {
				ASSETCATALOG_COMPILER_APPICON_NAME = AppIcon;
				ASSETCATALOG_COMPILER_GLOBAL_ACCENT_COLOR_NAME = AccentColor;
				CODE_SIGN_STYLE = Automatic;
				CURRENT_PROJECT_VERSION = 1;
				DEVELOPMENT_TEAM = 8SD48UYF32;
				GENERATE_INFOPLIST_FILE = YES;
				INFOPLIST_FILE = "Netflix clone/Info.plist";
				INFOPLIST_KEY_UIApplicationSupportsIndirectInputEvents = YES;
				INFOPLIST_KEY_UILaunchStoryboardName = LaunchScreen;
				INFOPLIST_KEY_UISupportedInterfaceOrientations_iPad = "UIInterfaceOrientationPortrait UIInterfaceOrientationPortraitUpsideDown UIInterfaceOrientationLandscapeLeft UIInterfaceOrientationLandscapeRight";
				INFOPLIST_KEY_UISupportedInterfaceOrientations_iPhone = "UIInterfaceOrientationPortrait UIInterfaceOrientationLandscapeLeft UIInterfaceOrientationLandscapeRight";
				LD_RUNPATH_SEARCH_PATHS = (
					"$(inherited)",
					"@executable_path/Frameworks",
				);
				MARKETING_VERSION = 1.0;
				PRODUCT_BUNDLE_IDENTIFIER = "com.riahi.Netflix-clone";
				PRODUCT_NAME = "$(TARGET_NAME)";
				SWIFT_EMIT_LOC_STRINGS = YES;
				SWIFT_VERSION = 5.0;
				TARGETED_DEVICE_FAMILY = "1,2";
			};
			name = Debug;
		};
		1897FE4C2A473E5A001811BC /* Release */ = {
			isa = XCBuildConfiguration;
			buildSettings = {
				ASSETCATALOG_COMPILER_APPICON_NAME = AppIcon;
				ASSETCATALOG_COMPILER_GLOBAL_ACCENT_COLOR_NAME = AccentColor;
				CODE_SIGN_STYLE = Automatic;
				CURRENT_PROJECT_VERSION = 1;
				DEVELOPMENT_TEAM = 8SD48UYF32;
				GENERATE_INFOPLIST_FILE = YES;
				INFOPLIST_FILE = "Netflix clone/Info.plist";
				INFOPLIST_KEY_UIApplicationSupportsIndirectInputEvents = YES;
				INFOPLIST_KEY_UILaunchStoryboardName = LaunchScreen;
				INFOPLIST_KEY_UISupportedInterfaceOrientations_iPad = "UIInterfaceOrientationPortrait UIInterfaceOrientationPortraitUpsideDown UIInterfaceOrientationLandscapeLeft UIInterfaceOrientationLandscapeRight";
				INFOPLIST_KEY_UISupportedInterfaceOrientations_iPhone = "UIInterfaceOrientationPortrait UIInterfaceOrientationLandscapeLeft UIInterfaceOrientationLandscapeRight";
				LD_RUNPATH_SEARCH_PATHS = (
					"$(inherited)",
					"@executable_path/Frameworks",
				);
				MARKETING_VERSION = 1.0;
				PRODUCT_BUNDLE_IDENTIFIER = "com.riahi.Netflix-clone";
				PRODUCT_NAME = "$(TARGET_NAME)";
				SWIFT_EMIT_LOC_STRINGS = YES;
				SWIFT_VERSION = 5.0;
				TARGETED_DEVICE_FAMILY = "1,2";
			};
			name = Release;
		};
/* End XCBuildConfiguration section */

/* Begin XCConfigurationList section */
		1897FE312A473E55001811BC /* Build configuration list for PBXProject "Netflix clone" */ = {
			isa = XCConfigurationList;
			buildConfigurations = (
				1897FE482A473E5A001811BC /* Debug */,
				1897FE492A473E5A001811BC /* Release */,
			);
			defaultConfigurationIsVisible = 0;
			defaultConfigurationName = Release;
		};
		1897FE4A2A473E5A001811BC /* Build configuration list for PBXNativeTarget "Netflix clone" */ = {
			isa = XCConfigurationList;
			buildConfigurations = (
				1897FE4B2A473E5A001811BC /* Debug */,
				1897FE4C2A473E5A001811BC /* Release */,
			);
			defaultConfigurationIsVisible = 0;
			defaultConfigurationName = Release;
		};
/* End XCConfigurationList section */

/* Begin XCRemoteSwiftPackageReference section */
		1897FE652A4F6736001811BC /* XCRemoteSwiftPackageReference "SDWebImage" */ = {
			isa = XCRemoteSwiftPackageReference;
			repositoryURL = "https://github.com/SDWebImage/SDWebImage.git";
			requirement = {
				kind = upToNextMajorVersion;
				minimumVersion = 5.0.0;
			};
		};
/* End XCRemoteSwiftPackageReference section */

/* Begin XCSwiftPackageProductDependency section */
		1897FE662A4F6736001811BC /* SDWebImage */ = {
			isa = XCSwiftPackageProductDependency;
			package = 1897FE652A4F6736001811BC /* XCRemoteSwiftPackageReference "SDWebImage" */;
			productName = SDWebImage;
		};
		1897FE682A4F6736001811BC /* SDWebImageMapKit */ = {
			isa = XCSwiftPackageProductDependency;
			package = 1897FE652A4F6736001811BC /* XCRemoteSwiftPackageReference "SDWebImage" */;
			productName = SDWebImageMapKit;
		};
/* End XCSwiftPackageProductDependency section */
	};
	rootObject = 1897FE2E2A473E55001811BC /* Project object */;
}
